// !$*UTF8*$!
{
	archiveVersion = 1;
	classes = {
	};
	objectVersion = 48;
	objects = {

/* Begin PBXBuildFile section */
		D951C1D42009DB9A0010CF26 /* AppDelegate.m in Sources */ = {isa = PBXBuildFile; fileRef = D951C1D32009DB9A0010CF26 /* AppDelegate.m */; };
		D951C1D62009DB9A0010CF26 /* art.scnassets in Resources */ = {isa = PBXBuildFile; fileRef = D951C1D52009DB9A0010CF26 /* art.scnassets */; };
		D951C1D92009DB9A0010CF26 /* ViewController.m in Sources */ = {isa = PBXBuildFile; fileRef = D951C1D82009DB9A0010CF26 /* ViewController.m */; };
		D951C1DC2009DB9A0010CF26 /* Main.storyboard in Resources */ = {isa = PBXBuildFile; fileRef = D951C1DA2009DB9A0010CF26 /* Main.storyboard */; };
		D951C1DE2009DB9A0010CF26 /* Assets.xcassets in Resources */ = {isa = PBXBuildFile; fileRef = D951C1DD2009DB9A0010CF26 /* Assets.xcassets */; };
		D951C1E12009DB9A0010CF26 /* LaunchScreen.storyboard in Resources */ = {isa = PBXBuildFile; fileRef = D951C1DF2009DB9A0010CF26 /* LaunchScreen.storyboard */; };
		D951C1E42009DB9A0010CF26 /* main.m in Sources */ = {isa = PBXBuildFile; fileRef = D951C1E32009DB9A0010CF26 /* main.m */; };
		D951C1EE2009DB9B0010CF26 /* dontugitit_iosTests.m in Sources */ = {isa = PBXBuildFile; fileRef = D951C1ED2009DB9B0010CF26 /* dontugitit_iosTests.m */; };
		D951C1F92009DB9B0010CF26 /* dontugitit_iosUITests.m in Sources */ = {isa = PBXBuildFile; fileRef = D951C1F82009DB9B0010CF26 /* dontugitit_iosUITests.m */; };
/* End PBXBuildFile section */

/* Begin PBXContainerItemProxy section */
		D951C1EA2009DB9B0010CF26 /* PBXContainerItemProxy */ = {
			isa = PBXContainerItemProxy;
			containerPortal = D951C1C72009DB9A0010CF26 /* Project object */;
			proxyType = 1;
			remoteGlobalIDString = D951C1CE2009DB9A0010CF26;
			remoteInfo = "dontugitit-ios";
		};
		D951C1F52009DB9B0010CF26 /* PBXContainerItemProxy */ = {
			isa = PBXContainerItemProxy;
			containerPortal = D951C1C72009DB9A0010CF26 /* Project object */;
			proxyType = 1;
			remoteGlobalIDString = D951C1CE2009DB9A0010CF26;
			remoteInfo = "dontugitit-ios";
		};
/* End PBXContainerItemProxy section */

/* Begin PBXFileReference section */
		D951C1CF2009DB9A0010CF26 /* dontugitit-ios.app */ = {isa = PBXFileReference; explicitFileType = wrapper.application; includeInIndex = 0; path = "dontugitit-ios.app"; sourceTree = BUILT_PRODUCTS_DIR; };
		D951C1D22009DB9A0010CF26 /* AppDelegate.h */ = {isa = PBXFileReference; lastKnownFileType = sourcecode.c.h; path = AppDelegate.h; sourceTree = "<group>"; };
		D951C1D32009DB9A0010CF26 /* AppDelegate.m */ = {isa = PBXFileReference; lastKnownFileType = sourcecode.c.objc; path = AppDelegate.m; sourceTree = "<group>"; };
		D951C1D52009DB9A0010CF26 /* art.scnassets */ = {isa = PBXFileReference; lastKnownFileType = wrapper.scnassets; path = art.scnassets; sourceTree = "<group>"; };
		D951C1D72009DB9A0010CF26 /* ViewController.h */ = {isa = PBXFileReference; lastKnownFileType = sourcecode.c.h; path = ViewController.h; sourceTree = "<group>"; };
		D951C1D82009DB9A0010CF26 /* ViewController.m */ = {isa = PBXFileReference; lastKnownFileType = sourcecode.c.objc; path = ViewController.m; sourceTree = "<group>"; };
		D951C1DB2009DB9A0010CF26 /* Base */ = {isa = PBXFileReference; lastKnownFileType = file.storyboard; name = Base; path = Base.lproj/Main.storyboard; sourceTree = "<group>"; };
		D951C1DD2009DB9A0010CF26 /* Assets.xcassets */ = {isa = PBXFileReference; lastKnownFileType = folder.assetcatalog; path = Assets.xcassets; sourceTree = "<group>"; };
		D951C1E02009DB9A0010CF26 /* Base */ = {isa = PBXFileReference; lastKnownFileType = file.storyboard; name = Base; path = Base.lproj/LaunchScreen.storyboard; sourceTree = "<group>"; };
		D951C1E22009DB9A0010CF26 /* Info.plist */ = {isa = PBXFileReference; lastKnownFileType = text.plist.xml; path = Info.plist; sourceTree = "<group>"; };
		D951C1E32009DB9A0010CF26 /* main.m */ = {isa = PBXFileReference; lastKnownFileType = sourcecode.c.objc; path = main.m; sourceTree = "<group>"; };
		D951C1E92009DB9B0010CF26 /* dontugitit-iosTests.xctest */ = {isa = PBXFileReference; explicitFileType = wrapper.cfbundle; includeInIndex = 0; path = "dontugitit-iosTests.xctest"; sourceTree = BUILT_PRODUCTS_DIR; };
		D951C1ED2009DB9B0010CF26 /* dontugitit_iosTests.m */ = {isa = PBXFileReference; lastKnownFileType = sourcecode.c.objc; path = dontugitit_iosTests.m; sourceTree = "<group>"; };
		D951C1EF2009DB9B0010CF26 /* Info.plist */ = {isa = PBXFileReference; lastKnownFileType = text.plist.xml; path = Info.plist; sourceTree = "<group>"; };
		D951C1F42009DB9B0010CF26 /* dontugitit-iosUITests.xctest */ = {isa = PBXFileReference; explicitFileType = wrapper.cfbundle; includeInIndex = 0; path = "dontugitit-iosUITests.xctest"; sourceTree = BUILT_PRODUCTS_DIR; };
		D951C1F82009DB9B0010CF26 /* dontugitit_iosUITests.m */ = {isa = PBXFileReference; lastKnownFileType = sourcecode.c.objc; path = dontugitit_iosUITests.m; sourceTree = "<group>"; };
		D951C1FA2009DB9B0010CF26 /* Info.plist */ = {isa = PBXFileReference; lastKnownFileType = text.plist.xml; path = Info.plist; sourceTree = "<group>"; };
/* End PBXFileReference section */

/* Begin PBXFrameworksBuildPhase section */
		D951C1CC2009DB9A0010CF26 /* Frameworks */ = {
			isa = PBXFrameworksBuildPhase;
			buildActionMask = 2147483647;
			files = (
			);
			runOnlyForDeploymentPostprocessing = 0;
		};
		D951C1E62009DB9B0010CF26 /* Frameworks */ = {
			isa = PBXFrameworksBuildPhase;
			buildActionMask = 2147483647;
			files = (
			);
			runOnlyForDeploymentPostprocessing = 0;
		};
		D951C1F12009DB9B0010CF26 /* Frameworks */ = {
			isa = PBXFrameworksBuildPhase;
			buildActionMask = 2147483647;
			files = (
			);
			runOnlyForDeploymentPostprocessing = 0;
		};
/* End PBXFrameworksBuildPhase section */

/* Begin PBXGroup section */
		D951C1C62009DB9A0010CF26 = {
			isa = PBXGroup;
			children = (
				D951C1D12009DB9A0010CF26 /* dontugitit-ios */,
				D951C1EC2009DB9B0010CF26 /* dontugitit-iosTests */,
				D951C1F72009DB9B0010CF26 /* dontugitit-iosUITests */,
				D951C1D02009DB9A0010CF26 /* Products */,
			);
			sourceTree = "<group>";
		};
		D951C1D02009DB9A0010CF26 /* Products */ = {
			isa = PBXGroup;
			children = (
				D951C1CF2009DB9A0010CF26 /* dontugitit-ios.app */,
				D951C1E92009DB9B0010CF26 /* dontugitit-iosTests.xctest */,
				D951C1F42009DB9B0010CF26 /* dontugitit-iosUITests.xctest */,
			);
			name = Products;
			sourceTree = "<group>";
		};
		D951C1D12009DB9A0010CF26 /* dontugitit-ios */ = {
			isa = PBXGroup;
			children = (
				D951C1D22009DB9A0010CF26 /* AppDelegate.h */,
				D951C1D32009DB9A0010CF26 /* AppDelegate.m */,
				D951C1D52009DB9A0010CF26 /* art.scnassets */,
				D951C1D72009DB9A0010CF26 /* ViewController.h */,
				D951C1D82009DB9A0010CF26 /* ViewController.m */,
				D951C1DA2009DB9A0010CF26 /* Main.storyboard */,
				D951C1DD2009DB9A0010CF26 /* Assets.xcassets */,
				D951C1DF2009DB9A0010CF26 /* LaunchScreen.storyboard */,
				D951C1E22009DB9A0010CF26 /* Info.plist */,
				D951C1E32009DB9A0010CF26 /* main.m */,
			);
			path = "dontugitit-ios";
			sourceTree = "<group>";
		};
		D951C1EC2009DB9B0010CF26 /* dontugitit-iosTests */ = {
			isa = PBXGroup;
			children = (
				D951C1ED2009DB9B0010CF26 /* dontugitit_iosTests.m */,
				D951C1EF2009DB9B0010CF26 /* Info.plist */,
			);
			path = "dontugitit-iosTests";
			sourceTree = "<group>";
		};
		D951C1F72009DB9B0010CF26 /* dontugitit-iosUITests */ = {
			isa = PBXGroup;
			children = (
				D951C1F82009DB9B0010CF26 /* dontugitit_iosUITests.m */,
				D951C1FA2009DB9B0010CF26 /* Info.plist */,
			);
			path = "dontugitit-iosUITests";
			sourceTree = "<group>";
		};
/* End PBXGroup section */

/* Begin PBXNativeTarget section */
		D951C1CE2009DB9A0010CF26 /* dontugitit-ios */ = {
			isa = PBXNativeTarget;
			buildConfigurationList = D951C1FD2009DB9B0010CF26 /* Build configuration list for PBXNativeTarget "dontugitit-ios" */;
			buildPhases = (
				D951C1CB2009DB9A0010CF26 /* Sources */,
				D951C1CC2009DB9A0010CF26 /* Frameworks */,
				D951C1CD2009DB9A0010CF26 /* Resources */,
			);
			buildRules = (
			);
			dependencies = (
			);
			name = "dontugitit-ios";
			productName = "dontugitit-ios";
			productReference = D951C1CF2009DB9A0010CF26 /* dontugitit-ios.app */;
			productType = "com.apple.product-type.application";
		};
		D951C1E82009DB9B0010CF26 /* dontugitit-iosTests */ = {
			isa = PBXNativeTarget;
			buildConfigurationList = D951C2002009DB9B0010CF26 /* Build configuration list for PBXNativeTarget "dontugitit-iosTests" */;
			buildPhases = (
				D951C1E52009DB9B0010CF26 /* Sources */,
				D951C1E62009DB9B0010CF26 /* Frameworks */,
				D951C1E72009DB9B0010CF26 /* Resources */,
			);
			buildRules = (
			);
			dependencies = (
				D951C1EB2009DB9B0010CF26 /* PBXTargetDependency */,
			);
			name = "dontugitit-iosTests";
			productName = "dontugitit-iosTests";
			productReference = D951C1E92009DB9B0010CF26 /* dontugitit-iosTests.xctest */;
			productType = "com.apple.product-type.bundle.unit-test";
		};
		D951C1F32009DB9B0010CF26 /* dontugitit-iosUITests */ = {
			isa = PBXNativeTarget;
			buildConfigurationList = D951C2032009DB9B0010CF26 /* Build configuration list for PBXNativeTarget "dontugitit-iosUITests" */;
			buildPhases = (
				D951C1F02009DB9B0010CF26 /* Sources */,
				D951C1F12009DB9B0010CF26 /* Frameworks */,
				D951C1F22009DB9B0010CF26 /* Resources */,
			);
			buildRules = (
			);
			dependencies = (
				D951C1F62009DB9B0010CF26 /* PBXTargetDependency */,
			);
			name = "dontugitit-iosUITests";
			productName = "dontugitit-iosUITests";
			productReference = D951C1F42009DB9B0010CF26 /* dontugitit-iosUITests.xctest */;
			productType = "com.apple.product-type.bundle.ui-testing";
		};
/* End PBXNativeTarget section */

/* Begin PBXProject section */
		D951C1C72009DB9A0010CF26 /* Project object */ = {
			isa = PBXProject;
			attributes = {
				LastUpgradeCheck = 0920;
				ORGANIZATIONNAME = thomaswheeler;
				TargetAttributes = {
					D951C1CE2009DB9A0010CF26 = {
						CreatedOnToolsVersion = 9.2;
						ProvisioningStyle = Automatic;
					};
					D951C1E82009DB9B0010CF26 = {
						CreatedOnToolsVersion = 9.2;
						ProvisioningStyle = Automatic;
						TestTargetID = D951C1CE2009DB9A0010CF26;
					};
					D951C1F32009DB9B0010CF26 = {
						CreatedOnToolsVersion = 9.2;
						ProvisioningStyle = Automatic;
						TestTargetID = D951C1CE2009DB9A0010CF26;
					};
				};
			};
			buildConfigurationList = D951C1CA2009DB9A0010CF26 /* Build configuration list for PBXProject "dontugitit-ios" */;
			compatibilityVersion = "Xcode 8.0";
			developmentRegion = en;
			hasScannedForEncodings = 0;
			knownRegions = (
				en,
				Base,
			);
			mainGroup = D951C1C62009DB9A0010CF26;
			productRefGroup = D951C1D02009DB9A0010CF26 /* Products */;
			projectDirPath = "";
			projectRoot = "";
			targets = (
				D951C1CE2009DB9A0010CF26 /* dontugitit-ios */,
				D951C1E82009DB9B0010CF26 /* dontugitit-iosTests */,
				D951C1F32009DB9B0010CF26 /* dontugitit-iosUITests */,
			);
		};
/* End PBXProject section */

/* Begin PBXResourcesBuildPhase section */
		D951C1CD2009DB9A0010CF26 /* Resources */ = {
			isa = PBXResourcesBuildPhase;
			buildActionMask = 2147483647;
			files = (
				D951C1D62009DB9A0010CF26 /* art.scnassets in Resources */,
				D951C1E12009DB9A0010CF26 /* LaunchScreen.storyboard in Resources */,
				D951C1DE2009DB9A0010CF26 /* Assets.xcassets in Resources */,
				D951C1DC2009DB9A0010CF26 /* Main.storyboard in Resources */,
			);
			runOnlyForDeploymentPostprocessing = 0;
		};
		D951C1E72009DB9B0010CF26 /* Resources */ = {
			isa = PBXResourcesBuildPhase;
			buildActionMask = 2147483647;
			files = (
			);
			runOnlyForDeploymentPostprocessing = 0;
		};
		D951C1F22009DB9B0010CF26 /* Resources */ = {
			isa = PBXResourcesBuildPhase;
			buildActionMask = 2147483647;
			files = (
			);
			runOnlyForDeploymentPostprocessing = 0;
		};
/* End PBXResourcesBuildPhase section */

/* Begin PBXSourcesBuildPhase section */
		D951C1CB2009DB9A0010CF26 /* Sources */ = {
			isa = PBXSourcesBuildPhase;
			buildActionMask = 2147483647;
			files = (
				D951C1D92009DB9A0010CF26 /* ViewController.m in Sources */,
				D951C1E42009DB9A0010CF26 /* main.m in Sources */,
				D951C1D42009DB9A0010CF26 /* AppDelegate.m in Sources */,
			);
			runOnlyForDeploymentPostprocessing = 0;
		};
		D951C1E52009DB9B0010CF26 /* Sources */ = {
			isa = PBXSourcesBuildPhase;
			buildActionMask = 2147483647;
			files = (
				D951C1EE2009DB9B0010CF26 /* dontugitit_iosTests.m in Sources */,
			);
			runOnlyForDeploymentPostprocessing = 0;
		};
		D951C1F02009DB9B0010CF26 /* Sources */ = {
			isa = PBXSourcesBuildPhase;
			buildActionMask = 2147483647;
			files = (
				D951C1F92009DB9B0010CF26 /* dontugitit_iosUITests.m in Sources */,
			);
			runOnlyForDeploymentPostprocessing = 0;
		};
/* End PBXSourcesBuildPhase section */

/* Begin PBXTargetDependency section */
		D951C1EB2009DB9B0010CF26 /* PBXTargetDependency */ = {
			isa = PBXTargetDependency;
			target = D951C1CE2009DB9A0010CF26 /* dontugitit-ios */;
			targetProxy = D951C1EA2009DB9B0010CF26 /* PBXContainerItemProxy */;
		};
		D951C1F62009DB9B0010CF26 /* PBXTargetDependency */ = {
			isa = PBXTargetDependency;
			target = D951C1CE2009DB9A0010CF26 /* dontugitit-ios */;
			targetProxy = D951C1F52009DB9B0010CF26 /* PBXContainerItemProxy */;
		};
/* End PBXTargetDependency section */

/* Begin PBXVariantGroup section */
		D951C1DA2009DB9A0010CF26 /* Main.storyboard */ = {
			isa = PBXVariantGroup;
			children = (
				D951C1DB2009DB9A0010CF26 /* Base */,
			);
			name = Main.storyboard;
			sourceTree = "<group>";
		};
		D951C1DF2009DB9A0010CF26 /* LaunchScreen.storyboard */ = {
			isa = PBXVariantGroup;
			children = (
				D951C1E02009DB9A0010CF26 /* Base */,
			);
			name = LaunchScreen.storyboard;
			sourceTree = "<group>";
		};
/* End PBXVariantGroup section */

/* Begin XCBuildConfiguration section */
		D951C1FB2009DB9B0010CF26 /* Debug */ = {
			isa = XCBuildConfiguration;
			buildSettings = {
				ALWAYS_SEARCH_USER_PATHS = NO;
				CLANG_ANALYZER_NONNULL = YES;
				CLANG_ANALYZER_NUMBER_OBJECT_CONVERSION = YES_AGGRESSIVE;
				CLANG_CXX_LANGUAGE_STANDARD = "gnu++14";
				CLANG_CXX_LIBRARY = "libc++";
				CLANG_ENABLE_MODULES = YES;
				CLANG_ENABLE_OBJC_ARC = YES;
				CLANG_WARN_BLOCK_CAPTURE_AUTORELEASING = YES;
				CLANG_WARN_BOOL_CONVERSION = YES;
				CLANG_WARN_COMMA = YES;
				CLANG_WARN_CONSTANT_CONVERSION = YES;
				CLANG_WARN_DIRECT_OBJC_ISA_USAGE = YES_ERROR;
				CLANG_WARN_DOCUMENTATION_COMMENTS = YES;
				CLANG_WARN_EMPTY_BODY = YES;
				CLANG_WARN_ENUM_CONVERSION = YES;
				CLANG_WARN_INFINITE_RECURSION = YES;
				CLANG_WARN_INT_CONVERSION = YES;
				CLANG_WARN_NON_LITERAL_NULL_CONVERSION = YES;
				CLANG_WARN_OBJC_LITERAL_CONVERSION = YES;
				CLANG_WARN_OBJC_ROOT_CLASS = YES_ERROR;
				CLANG_WARN_RANGE_LOOP_ANALYSIS = YES;
				CLANG_WARN_STRICT_PROTOTYPES = YES;
				CLANG_WARN_SUSPICIOUS_MOVE = YES;
				CLANG_WARN_UNGUARDED_AVAILABILITY = YES_AGGRESSIVE;
				CLANG_WARN_UNREACHABLE_CODE = YES;
				CLANG_WARN__DUPLICATE_METHOD_MATCH = YES;
				CODE_SIGN_IDENTITY = "iPhone Developer";
				COPY_PHASE_STRIP = NO;
				DEBUG_INFORMATION_FORMAT = dwarf;
				ENABLE_STRICT_OBJC_MSGSEND = YES;
				ENABLE_TESTABILITY = YES;
				GCC_C_LANGUAGE_STANDARD = gnu11;
				GCC_DYNAMIC_NO_PIC = NO;
				GCC_NO_COMMON_BLOCKS = YES;
				GCC_OPTIMIZATION_LEVEL = 0;
				GCC_PREPROCESSOR_DEFINITIONS = (
					"DEBUG=1",
					"$(inherited)",
				);
				GCC_WARN_64_TO_32_BIT_CONVERSION = YES;
				GCC_WARN_ABOUT_RETURN_TYPE = YES_ERROR;
				GCC_WARN_UNDECLARED_SELECTOR = YES;
				GCC_WARN_UNINITIALIZED_AUTOS = YES_AGGRESSIVE;
				GCC_WARN_UNUSED_FUNCTION = YES;
				GCC_WARN_UNUSED_VARIABLE = YES;
				IPHONEOS_DEPLOYMENT_TARGET = 11.2;
				MTL_ENABLE_DEBUG_INFO = YES;
				ONLY_ACTIVE_ARCH = YES;
				SDKROOT = iphoneos;
			};
			name = Debug;
		};
		D951C1FC2009DB9B0010CF26 /* Release */ = {
			isa = XCBuildConfiguration;
			buildSettings = {
				ALWAYS_SEARCH_USER_PATHS = NO;
				CLANG_ANALYZER_NONNULL = YES;
				CLANG_ANALYZER_NUMBER_OBJECT_CONVERSION = YES_AGGRESSIVE;
				CLANG_CXX_LANGUAGE_STANDARD = "gnu++14";
				CLANG_CXX_LIBRARY = "libc++";
				CLANG_ENABLE_MODULES = YES;
				CLANG_ENABLE_OBJC_ARC = YES;
				CLANG_WARN_BLOCK_CAPTURE_AUTORELEASING = YES;
				CLANG_WARN_BOOL_CONVERSION = YES;
				CLANG_WARN_COMMA = YES;
				CLANG_WARN_CONSTANT_CONVERSION = YES;
				CLANG_WARN_DIRECT_OBJC_ISA_USAGE = YES_ERROR;
				CLANG_WARN_DOCUMENTATION_COMMENTS = YES;
				CLANG_WARN_EMPTY_BODY = YES;
				CLANG_WARN_ENUM_CONVERSION = YES;
				CLANG_WARN_INFINITE_RECURSION = YES;
				CLANG_WARN_INT_CONVERSION = YES;
				CLANG_WARN_NON_LITERAL_NULL_CONVERSION = YES;
				CLANG_WARN_OBJC_LITERAL_CONVERSION = YES;
				CLANG_WARN_OBJC_ROOT_CLASS = YES_ERROR;
				CLANG_WARN_RANGE_LOOP_ANALYSIS = YES;
				CLANG_WARN_STRICT_PROTOTYPES = YES;
				CLANG_WARN_SUSPICIOUS_MOVE = YES;
				CLANG_WARN_UNGUARDED_AVAILABILITY = YES_AGGRESSIVE;
				CLANG_WARN_UNREACHABLE_CODE = YES;
				CLANG_WARN__DUPLICATE_METHOD_MATCH = YES;
				CODE_SIGN_IDENTITY = "iPhone Developer";
				COPY_PHASE_STRIP = NO;
				DEBUG_INFORMATION_FORMAT = "dwarf-with-dsym";
				ENABLE_NS_ASSERTIONS = NO;
				ENABLE_STRICT_OBJC_MSGSEND = YES;
				GCC_C_LANGUAGE_STANDARD = gnu11;
				GCC_NO_COMMON_BLOCKS = YES;
				GCC_WARN_64_TO_32_BIT_CONVERSION = YES;
				GCC_WARN_ABOUT_RETURN_TYPE = YES_ERROR;
				GCC_WARN_UNDECLARED_SELECTOR = YES;
				GCC_WARN_UNINITIALIZED_AUTOS = YES_AGGRESSIVE;
				GCC_WARN_UNUSED_FUNCTION = YES;
				GCC_WARN_UNUSED_VARIABLE = YES;
				IPHONEOS_DEPLOYMENT_TARGET = 11.2;
				MTL_ENABLE_DEBUG_INFO = NO;
				SDKROOT = iphoneos;
				VALIDATE_PRODUCT = YES;
			};
			name = Release;
		};
		D951C1FE2009DB9B0010CF26 /* Debug */ = {
			isa = XCBuildConfiguration;
			buildSettings = {
				ASSETCATALOG_COMPILER_APPICON_NAME = AppIcon;
				CODE_SIGN_STYLE = Automatic;
				DEVELOPMENT_TEAM = DB7FR5D9PB;
				INFOPLIST_FILE = "dontugitit-ios/Info.plist";
				IPHONEOS_DEPLOYMENT_TARGET = 11.1;
				LD_RUNPATH_SEARCH_PATHS = "$(inherited) @executable_path/Frameworks";
				PRODUCT_BUNDLE_IDENTIFIER = "com.thomaswheeler.dontugitit-ios";
				PRODUCT_NAME = "$(TARGET_NAME)";
				TARGETED_DEVICE_FAMILY = "1,2";
			};
			name = Debug;
		};
		D951C1FF2009DB9B0010CF26 /* Release */ = {
			isa = XCBuildConfiguration;
			buildSettings = {
				ASSETCATALOG_COMPILER_APPICON_NAME = AppIcon;
				CODE_SIGN_STYLE = Automatic;
				DEVELOPMENT_TEAM = DB7FR5D9PB;
				INFOPLIST_FILE = "dontugitit-ios/Info.plist";
				IPHONEOS_DEPLOYMENT_TARGET = 11.1;
				LD_RUNPATH_SEARCH_PATHS = "$(inherited) @executable_path/Frameworks";
				PRODUCT_BUNDLE_IDENTIFIER = "com.thomaswheeler.dontugitit-ios";
				PRODUCT_NAME = "$(TARGET_NAME)";
				TARGETED_DEVICE_FAMILY = "1,2";
			};
			name = Release;
		};
		D951C2012009DB9B0010CF26 /* Debug */ = {
			isa = XCBuildConfiguration;
			buildSettings = {
				BUNDLE_LOADER = "$(TEST_HOST)";
				CODE_SIGN_STYLE = Automatic;
				DEVELOPMENT_TEAM = DB7FR5D9PB;
				INFOPLIST_FILE = "dontugitit-iosTests/Info.plist";
				LD_RUNPATH_SEARCH_PATHS = "$(inherited) @executable_path/Frameworks @loader_path/Frameworks";
				PRODUCT_BUNDLE_IDENTIFIER = "com.thomaswheeler.dontugitit-iosTests";
				PRODUCT_NAME = "$(TARGET_NAME)";
				TARGETED_DEVICE_FAMILY = "1,2";
				TEST_HOST = "$(BUILT_PRODUCTS_DIR)/dontugitit-ios.app/dontugitit-ios";
			};
			name = Debug;
		};
		D951C2022009DB9B0010CF26 /* Release */ = {
			isa = XCBuildConfiguration;
			buildSettings = {
				BUNDLE_LOADER = "$(TEST_HOST)";
				CODE_SIGN_STYLE = Automatic;
				DEVELOPMENT_TEAM = DB7FR5D9PB;
				INFOPLIST_FILE = "dontugitit-iosTests/Info.plist";
				LD_RUNPATH_SEARCH_PATHS = "$(inherited) @executable_path/Frameworks @loader_path/Frameworks";
				PRODUCT_BUNDLE_IDENTIFIER = "com.thomaswheeler.dontugitit-iosTests";
				PRODUCT_NAME = "$(TARGET_NAME)";
				TARGETED_DEVICE_FAMILY = "1,2";
				TEST_HOST = "$(BUILT_PRODUCTS_DIR)/dontugitit-ios.app/dontugitit-ios";
			};
			name = Release;
		};
		D951C2042009DB9B0010CF26 /* Debug */ = {
			isa = XCBuildConfiguration;
			buildSettings = {
				CODE_SIGN_STYLE = Automatic;
				DEVELOPMENT_TEAM = DB7FR5D9PB;
				INFOPLIST_FILE = "dontugitit-iosUITests/Info.plist";
				LD_RUNPATH_SEARCH_PATHS = "$(inherited) @executable_path/Frameworks @loader_path/Frameworks";
				PRODUCT_BUNDLE_IDENTIFIER = "com.thomaswheeler.dontugitit-iosUITests";
				PRODUCT_NAME = "$(TARGET_NAME)";
				TARGETED_DEVICE_FAMILY = "1,2";
				TEST_TARGET_NAME = "dontugitit-ios";
			};
			name = Debug;
		};
		D951C2052009DB9B0010CF26 /* Release */ = {
			isa = XCBuildConfiguration;
			buildSettings = {
				CODE_SIGN_STYLE = Automatic;
				DEVELOPMENT_TEAM = DB7FR5D9PB;
				INFOPLIST_FILE = "dontugitit-iosUITests/Info.plist";
				LD_RUNPATH_SEARCH_PATHS = "$(inherited) @executable_path/Frameworks @loader_path/Frameworks";
				PRODUCT_BUNDLE_IDENTIFIER = "com.thomaswheeler.dontugitit-iosUITests";
				PRODUCT_NAME = "$(TARGET_NAME)";
				TARGETED_DEVICE_FAMILY = "1,2";
				TEST_TARGET_NAME = "dontugitit-ios";
			};
			name = Release;
		};
/* End XCBuildConfiguration section */

/* Begin XCConfigurationList section */
		D951C1CA2009DB9A0010CF26 /* Build configuration list for PBXProject "dontugitit-ios" */ = {
			isa = XCConfigurationList;
			buildConfigurations = (
				D951C1FB2009DB9B0010CF26 /* Debug */,
				D951C1FC2009DB9B0010CF26 /* Release */,
			);
			defaultConfigurationIsVisible = 0;
			defaultConfigurationName = Release;
		};
		D951C1FD2009DB9B0010CF26 /* Build configuration list for PBXNativeTarget "dontugitit-ios" */ = {
			isa = XCConfigurationList;
			buildConfigurations = (
				D951C1FE2009DB9B0010CF26 /* Debug */,
				D951C1FF2009DB9B0010CF26 /* Release */,
			);
			defaultConfigurationIsVisible = 0;
			defaultConfigurationName = Release;
		};
		D951C2002009DB9B0010CF26 /* Build configuration list for PBXNativeTarget "dontugitit-iosTests" */ = {
			isa = XCConfigurationList;
			buildConfigurations = (
				D951C2012009DB9B0010CF26 /* Debug */,
				D951C2022009DB9B0010CF26 /* Release */,
			);
			defaultConfigurationIsVisible = 0;
			defaultConfigurationName = Release;
		};
		D951C2032009DB9B0010CF26 /* Build configuration list for PBXNativeTarget "dontugitit-iosUITests" */ = {
			isa = XCConfigurationList;
			buildConfigurations = (
				D951C2042009DB9B0010CF26 /* Debug */,
				D951C2052009DB9B0010CF26 /* Release */,
			);
			defaultConfigurationIsVisible = 0;
			defaultConfigurationName = Release;
		};
/* End XCConfigurationList section */
	};
	rootObject = D951C1C72009DB9A0010CF26 /* Project object */;
}
